# THIS IS AN AUTOGENERATED FILE. DO NOT EDIT THIS FILE DIRECTLY.
# yarn lockfile v1


nanoid@^5.0.4:
  version "5.0.4"
  resolved "https://registry.yarnpkg.com/nanoid/-/nanoid-5.0.4.tgz#d2b608d8169d7da669279127615535705aa52edf"
  integrity sha512-vAjmBf13gsmhXSgBrtIclinISzFFy22WwCYoyilZlsrRXNIHSwgFQ1bEdjRwMT3aoadeIF6HMuDRlOxzfXV8ig==
